
Microsoft Visual Studio Solution File, Format Version 12.00
# Visual Studio Version 17
VisualStudioVersion = 17.6.33829.357
MinimumVisualStudioVersion = 10.0.40219.1
Project("{8BC9CEB8-8B4A-11D0-8D11-00A0C91BC942}") = "BFS", "Programs\BFS\BFS.vcxproj", "{7824B991-2819-4CCC-BDB1-CB818DD1CC7F}"
EndProject
Project("{2150E333-8FDC-42A3-9474-1A3956D46DE8}") = "Resources", "Resources", "{9D31A6E6-AFC8-43DC-B274-82502EB91D1F}"
	ProjectSection(SolutionItems) = preProject
		Programs\Resources\002_bfs_hans_werner_lang_03.svg = Programs\Resources\002_bfs_hans_werner_lang_03.svg
		Programs\Resources\002_bfs_hans_werner_lang_04.svg = Programs\Resources\002_bfs_hans_werner_lang_04.svg
		Programs\Resources\cpp_cheat_sheet.png = Programs\Resources\cpp_cheat_sheet.png
		Programs\Resources\Entfernungs_Tabelle_Deutschland.png = Programs\Resources\Entfernungs_Tabelle_Deutschland.png
		Programs\Resources\FlightMap.png = Programs\Resources\FlightMap.png
		Programs\Resources\FlightMap2.png = Programs\Resources\FlightMap2.png
		Programs\Resources\graphs_01_nodes_and_edges.png = Programs\Resources\graphs_01_nodes_and_edges.png
		Programs\Resources\graphs_02_adjacency_list.png = Programs\Resources\graphs_02_adjacency_list.png
		Programs\Resources\graphs_03_DFS_Testgraph_01.svg = Programs\Resources\graphs_03_DFS_Testgraph_01.svg
		Programs\Resources\graphs_03_DFS_Testgraph_02.svg = Programs\Resources\graphs_03_DFS_Testgraph_02.svg
		Programs\Resources\graphs_04_edges_hierarchy.png = Programs\Resources\graphs_04_edges_hierarchy.png
		Programs\Resources\graphs_05_generic_interface.png = Programs\Resources\graphs_05_generic_interface.png
		Programs\Resources\graphs_06_template inheritance.png = Programs\Resources\graphs_06_template inheritance.png
		Programs\Resources\graphs_08_relationship_solver_graph.png = Programs\Resources\graphs_08_relationship_solver_graph.png
		Programs\Resources\graphs_09_setgraph_method.png = Programs\Resources\graphs_09_setgraph_method.png
		Programs\Resources\graphs_10_pair_node.png = Programs\Resources\graphs_10_pair_node.png
		Programs\Resources\graphs_11_tuple_edge.png = Programs\Resources\graphs_11_tuple_edge.png
		Programs\Resources\graphs_12_adjmatrix_01.png = Programs\Resources\graphs_12_adjmatrix_01.png
		Programs\Resources\graphs_12_adjmatrix_02.png = Programs\Resources\graphs_12_adjmatrix_02.png
		Programs\Resources\graphs_20_connected_components_01.svg = Programs\Resources\graphs_20_connected_components_01.svg
		Programs\Resources\graphs_20_connected_components_02.svg = Programs\Resources\graphs_20_connected_components_02.svg
		Programs\Resources\graphs_20_connected_components_03_example.svg = Programs\Resources\graphs_20_connected_components_03_example.svg
		Programs\Resources\HouseSantaClaus_02.png = Programs\Resources\HouseSantaClaus_02.png
		Programs\Resources\LMU_Muenchen_Dijkstra_02.png = Programs\Resources\LMU_Muenchen_Dijkstra_02.png
		Programs\Resources\LMU_Muenchen_Dijkstra_03.png = Programs\Resources\LMU_Muenchen_Dijkstra_03.png
		Programs\Resources\LMU_Muenchen_Dijkstra_Cities_01.png = Programs\Resources\LMU_Muenchen_Dijkstra_Cities_01.png
		Programs\Resources\LMU_Muenchen_Dijkstra_Cities_02.png = Programs\Resources\LMU_Muenchen_Dijkstra_Cities_02.png
		Programs\Resources\LMU_Muenchen_Dijkstra_Cities_03.png = Programs\Resources\LMU_Muenchen_Dijkstra_Cities_03.png
		Programs\Resources\Readme_Arbeitsblatt_BFS.md = Programs\Resources\Readme_Arbeitsblatt_BFS.md
		Programs\Resources\Readme_Arbeitsblatt_DFS.md = Programs\Resources\Readme_Arbeitsblatt_DFS.md
		Programs\Resources\Readme_Arbeitsblatt_Dijkstra.md = Programs\Resources\Readme_Arbeitsblatt_Dijkstra.md
		Programs\Resources\Readme_Arbeitsblatt_Einleitung.md = Programs\Resources\Readme_Arbeitsblatt_Einleitung.md
		Programs\Resources\Readme_Arbeitsblatt_Entwurf.md = Programs\Resources\Readme_Arbeitsblatt_Entwurf.md
		Programs\Resources\Readme_Arbeitsblatt_Exkurs_TSP.md = Programs\Resources\Readme_Arbeitsblatt_Exkurs_TSP.md
		Programs\Resources\Readme_Arbeitsblatt_Kruskal.md = Programs\Resources\Readme_Arbeitsblatt_Kruskal.md
		Programs\Resources\Readme_Arbeitsblatt_NearestNeighbour.md = Programs\Resources\Readme_Arbeitsblatt_NearestNeighbour.md
		Programs\Resources\Readme_Arbeitsblatt_Weiterarbeit.md = Programs\Resources\Readme_Arbeitsblatt_Weiterarbeit.md
		Programs\Resources\Readme_Arbeitsblatt_Zusammenhangskomponenten.md = Programs\Resources\Readme_Arbeitsblatt_Zusammenhangskomponenten.md
		Programs\Resources\Readme_STL_Algorithms.md = Programs\Resources\Readme_STL_Algorithms.md
		Programs\Resources\Readme_STL_Containers.md = Programs\Resources\Readme_STL_Containers.md
		Programs\Resources\Readme_STL_Iterators.md = Programs\Resources\Readme_STL_Iterators.md
		Programs\Resources\Readme_STL_Overview.md = Programs\Resources\Readme_STL_Overview.md
		Programs\Resources\stl_container_sequence_vs_associative.png = Programs\Resources\stl_container_sequence_vs_associative.png
		Programs\Resources\stl_iterators.png = Programs\Resources\stl_iterators.png
		Programs\Resources\stl_iterator_categories.png = Programs\Resources\stl_iterator_categories.png
		Programs\Resources\stl_iterator_general.png = Programs\Resources\stl_iterator_general.png
		Programs\Resources\stl_iterator_range.png = Programs\Resources\stl_iterator_range.png
		Programs\Resources\Ulysses_01.png = Programs\Resources\Ulysses_01.png
		Programs\Resources\Ulysses_02.png = Programs\Resources\Ulysses_02.png
		Programs\Resources\Ulysses_03.png = Programs\Resources\Ulysses_03.png
	EndProjectSection
EndProject
Project("{8BC9CEB8-8B4A-11D0-8D11-00A0C91BC942}") = "DFS", "Programs\DFS\DFS.vcxproj", "{2EA2AEC4-E52D-4C60-8108-98F4A3DA88AC}"
EndProject
Project("{8BC9CEB8-8B4A-11D0-8D11-00A0C91BC942}") = "Dijkstra", "Programs\Dijkstra\Dijkstra.vcxproj", "{127580BB-179A-45F6-85DE-FE511B382AD3}"
EndProject
Project("{8BC9CEB8-8B4A-11D0-8D11-00A0C91BC942}") = "Kruskal", "Programs\Kruskal\Kruskal.vcxproj", "{DFB4A258-2EA7-469A-AE78-D12E9D163EC5}"
EndProject
Project("{8BC9CEB8-8B4A-11D0-8D11-00A0C91BC942}") = "NearestNeighbour", "Programs\NearestNeighbour\NearestNeighbour.vcxproj", "{C9EFCC8F-B401-45CE-9D93-CBA3A22CDF3A}"
EndProject
Project("{2150E333-8FDC-42A3-9474-1A3956D46DE8}") = "Include", "Include", "{9D87FBD9-4FAE-4135-A653-492229ADCCE4}"
	ProjectSection(SolutionItems) = preProject
		Programs\Include\Edge.h = Programs\Include\Edge.h
		Programs\Include\EdgeDetails.h = Programs\Include\EdgeDetails.h
		Programs\Include\EdgeEx.h = Programs\Include\EdgeEx.h
		Programs\Include\Globals.h = Programs\Include\Globals.h
		Programs\Include\GraphAdjList.h = Programs\Include\GraphAdjList.h
		Programs\Include\GraphAdjListEx.h = Programs\Include\GraphAdjListEx.h
		Programs\Include\GraphAdjMat.h = Programs\Include\GraphAdjMat.h
		Programs\Include\GraphAdjMatEx.h = Programs\Include\GraphAdjMatEx.h
		Programs\Include\GraphInterface.h = Programs\Include\GraphInterface.h
		Programs\Include\GraphInterfaceEx.h = Programs\Include\GraphInterfaceEx.h
		Programs\Include\Node.h = Programs\Include\Node.h
		Programs\Include\NodeDetails.h = Programs\Include\NodeDetails.h
		Programs\Include\NodeEx.h = Programs\Include\NodeEx.h
	EndProjectSection
EndProject
Project("{2150E333-8FDC-42A3-9474-1A3956D46DE8}") = "Solution Items", "Solution Items", "{FFF032ED-3A1C-483B-BCF0-8CD98F0BD10B}"
	ProjectSection(SolutionItems) = preProject
		Readme.md = Readme.md
	EndProjectSection
EndProject
Project("{8BC9CEB8-8B4A-11D0-8D11-00A0C91BC942}") = "Graphs", "Programs\Graphs\Graphs.vcxproj", "{430A078E-DBBA-49A7-A904-32343894AC27}"
EndProject
Project("{8BC9CEB8-8B4A-11D0-8D11-00A0C91BC942}") = "FloydWarshall", "Programs\FloydWarshall\FloydWarshall.vcxproj", "{61E42B0B-931E-4BD3-B708-9117142D30A7}"
EndProject
Project("{8BC9CEB8-8B4A-11D0-8D11-00A0C91BC942}") = "Experimental", "Programs\Experimental\Experimental.vcxproj", "{A5080F63-8A75-4D2C-9CDF-662DC6C15686}"
EndProject
Project("{8BC9CEB8-8B4A-11D0-8D11-00A0C91BC942}") = "Redesign", "Programs\Redesign\Redesign.vcxproj", "{3DDB9CAE-62F3-43DA-8702-9A821D8CE578}"
EndProject
Project("{8BC9CEB8-8B4A-11D0-8D11-00A0C91BC942}") = "RedesignEx", "Programs\RedesignEx\RedesignEx.vcxproj", "{97D3A436-E2FC-4456-8223-63AE7C880CEE}"
EndProject
Project("{8BC9CEB8-8B4A-11D0-8D11-00A0C91BC942}") = "RedesignExEx", "Programs\RedesignExEx\RedesignExEx.vcxproj", "{0A2F6D9D-AB65-4099-9C7F-8EA9561EBD69}"
EndProject
Global
	GlobalSection(SolutionConfigurationPlatforms) = preSolution
		Debug|x64 = Debug|x64
		Debug|x86 = Debug|x86
		Release|x64 = Release|x64
		Release|x86 = Release|x86
	EndGlobalSection
	GlobalSection(ProjectConfigurationPlatforms) = postSolution
		{7824B991-2819-4CCC-BDB1-CB818DD1CC7F}.Debug|x64.ActiveCfg = Debug|x64
		{7824B991-2819-4CCC-BDB1-CB818DD1CC7F}.Debug|x64.Build.0 = Debug|x64
		{7824B991-2819-4CCC-BDB1-CB818DD1CC7F}.Debug|x86.ActiveCfg = Debug|Win32
		{7824B991-2819-4CCC-BDB1-CB818DD1CC7F}.Debug|x86.Build.0 = Debug|Win32
		{7824B991-2819-4CCC-BDB1-CB818DD1CC7F}.Release|x64.ActiveCfg = Release|x64
		{7824B991-2819-4CCC-BDB1-CB818DD1CC7F}.Release|x64.Build.0 = Release|x64
		{7824B991-2819-4CCC-BDB1-CB818DD1CC7F}.Release|x86.ActiveCfg = Release|Win32
		{7824B991-2819-4CCC-BDB1-CB818DD1CC7F}.Release|x86.Build.0 = Release|Win32
		{2EA2AEC4-E52D-4C60-8108-98F4A3DA88AC}.Debug|x64.ActiveCfg = Debug|x64
		{2EA2AEC4-E52D-4C60-8108-98F4A3DA88AC}.Debug|x64.Build.0 = Debug|x64
		{2EA2AEC4-E52D-4C60-8108-98F4A3DA88AC}.Debug|x86.ActiveCfg = Debug|Win32
		{2EA2AEC4-E52D-4C60-8108-98F4A3DA88AC}.Debug|x86.Build.0 = Debug|Win32
		{2EA2AEC4-E52D-4C60-8108-98F4A3DA88AC}.Release|x64.ActiveCfg = Release|x64
		{2EA2AEC4-E52D-4C60-8108-98F4A3DA88AC}.Release|x64.Build.0 = Release|x64
		{2EA2AEC4-E52D-4C60-8108-98F4A3DA88AC}.Release|x86.ActiveCfg = Release|Win32
		{2EA2AEC4-E52D-4C60-8108-98F4A3DA88AC}.Release|x86.Build.0 = Release|Win32
		{127580BB-179A-45F6-85DE-FE511B382AD3}.Debug|x64.ActiveCfg = Debug|x64
		{127580BB-179A-45F6-85DE-FE511B382AD3}.Debug|x64.Build.0 = Debug|x64
		{127580BB-179A-45F6-85DE-FE511B382AD3}.Debug|x86.ActiveCfg = Debug|Win32
		{127580BB-179A-45F6-85DE-FE511B382AD3}.Debug|x86.Build.0 = Debug|Win32
		{127580BB-179A-45F6-85DE-FE511B382AD3}.Release|x64.ActiveCfg = Release|x64
		{127580BB-179A-45F6-85DE-FE511B382AD3}.Release|x64.Build.0 = Release|x64
		{127580BB-179A-45F6-85DE-FE511B382AD3}.Release|x86.ActiveCfg = Release|Win32
		{127580BB-179A-45F6-85DE-FE511B382AD3}.Release|x86.Build.0 = Release|Win32
		{DFB4A258-2EA7-469A-AE78-D12E9D163EC5}.Debug|x64.ActiveCfg = Debug|x64
		{DFB4A258-2EA7-469A-AE78-D12E9D163EC5}.Debug|x64.Build.0 = Debug|x64
		{DFB4A258-2EA7-469A-AE78-D12E9D163EC5}.Debug|x86.ActiveCfg = Debug|Win32
		{DFB4A258-2EA7-469A-AE78-D12E9D163EC5}.Debug|x86.Build.0 = Debug|Win32
		{DFB4A258-2EA7-469A-AE78-D12E9D163EC5}.Release|x64.ActiveCfg = Release|x64
		{DFB4A258-2EA7-469A-AE78-D12E9D163EC5}.Release|x64.Build.0 = Release|x64
		{DFB4A258-2EA7-469A-AE78-D12E9D163EC5}.Release|x86.ActiveCfg = Release|Win32
		{DFB4A258-2EA7-469A-AE78-D12E9D163EC5}.Release|x86.Build.0 = Release|Win32
		{C9EFCC8F-B401-45CE-9D93-CBA3A22CDF3A}.Debug|x64.ActiveCfg = Debug|x64
		{C9EFCC8F-B401-45CE-9D93-CBA3A22CDF3A}.Debug|x64.Build.0 = Debug|x64
		{C9EFCC8F-B401-45CE-9D93-CBA3A22CDF3A}.Debug|x86.ActiveCfg = Debug|Win32
		{C9EFCC8F-B401-45CE-9D93-CBA3A22CDF3A}.Debug|x86.Build.0 = Debug|Win32
		{C9EFCC8F-B401-45CE-9D93-CBA3A22CDF3A}.Release|x64.ActiveCfg = Release|x64
		{C9EFCC8F-B401-45CE-9D93-CBA3A22CDF3A}.Release|x64.Build.0 = Release|x64
		{C9EFCC8F-B401-45CE-9D93-CBA3A22CDF3A}.Release|x86.ActiveCfg = Release|Win32
		{C9EFCC8F-B401-45CE-9D93-CBA3A22CDF3A}.Release|x86.Build.0 = Release|Win32
		{430A078E-DBBA-49A7-A904-32343894AC27}.Debug|x64.ActiveCfg = Debug|x64
		{430A078E-DBBA-49A7-A904-32343894AC27}.Debug|x64.Build.0 = Debug|x64
		{430A078E-DBBA-49A7-A904-32343894AC27}.Debug|x86.ActiveCfg = Debug|Win32
		{430A078E-DBBA-49A7-A904-32343894AC27}.Debug|x86.Build.0 = Debug|Win32
		{430A078E-DBBA-49A7-A904-32343894AC27}.Release|x64.ActiveCfg = Release|x64
		{430A078E-DBBA-49A7-A904-32343894AC27}.Release|x64.Build.0 = Release|x64
		{430A078E-DBBA-49A7-A904-32343894AC27}.Release|x86.ActiveCfg = Release|Win32
		{430A078E-DBBA-49A7-A904-32343894AC27}.Release|x86.Build.0 = Release|Win32
		{61E42B0B-931E-4BD3-B708-9117142D30A7}.Debug|x64.ActiveCfg = Debug|x64
		{61E42B0B-931E-4BD3-B708-9117142D30A7}.Debug|x64.Build.0 = Debug|x64
		{61E42B0B-931E-4BD3-B708-9117142D30A7}.Debug|x86.ActiveCfg = Debug|Win32
		{61E42B0B-931E-4BD3-B708-9117142D30A7}.Debug|x86.Build.0 = Debug|Win32
		{61E42B0B-931E-4BD3-B708-9117142D30A7}.Release|x64.ActiveCfg = Release|x64
		{61E42B0B-931E-4BD3-B708-9117142D30A7}.Release|x64.Build.0 = Release|x64
		{61E42B0B-931E-4BD3-B708-9117142D30A7}.Release|x86.ActiveCfg = Release|Win32
		{61E42B0B-931E-4BD3-B708-9117142D30A7}.Release|x86.Build.0 = Release|Win32
		{A5080F63-8A75-4D2C-9CDF-662DC6C15686}.Debug|x64.ActiveCfg = Debug|x64
		{A5080F63-8A75-4D2C-9CDF-662DC6C15686}.Debug|x64.Build.0 = Debug|x64
		{A5080F63-8A75-4D2C-9CDF-662DC6C15686}.Debug|x86.ActiveCfg = Debug|Win32
		{A5080F63-8A75-4D2C-9CDF-662DC6C15686}.Debug|x86.Build.0 = Debug|Win32
		{A5080F63-8A75-4D2C-9CDF-662DC6C15686}.Release|x64.ActiveCfg = Release|x64
		{A5080F63-8A75-4D2C-9CDF-662DC6C15686}.Release|x64.Build.0 = Release|x64
		{A5080F63-8A75-4D2C-9CDF-662DC6C15686}.Release|x86.ActiveCfg = Release|Win32
		{A5080F63-8A75-4D2C-9CDF-662DC6C15686}.Release|x86.Build.0 = Release|Win32
		{3DDB9CAE-62F3-43DA-8702-9A821D8CE578}.Debug|x64.ActiveCfg = Debug|x64
		{3DDB9CAE-62F3-43DA-8702-9A821D8CE578}.Debug|x64.Build.0 = Debug|x64
		{3DDB9CAE-62F3-43DA-8702-9A821D8CE578}.Debug|x86.ActiveCfg = Debug|Win32
		{3DDB9CAE-62F3-43DA-8702-9A821D8CE578}.Debug|x86.Build.0 = Debug|Win32
		{3DDB9CAE-62F3-43DA-8702-9A821D8CE578}.Release|x64.ActiveCfg = Release|x64
		{3DDB9CAE-62F3-43DA-8702-9A821D8CE578}.Release|x64.Build.0 = Release|x64
		{3DDB9CAE-62F3-43DA-8702-9A821D8CE578}.Release|x86.ActiveCfg = Release|Win32
		{3DDB9CAE-62F3-43DA-8702-9A821D8CE578}.Release|x86.Build.0 = Release|Win32
		{97D3A436-E2FC-4456-8223-63AE7C880CEE}.Debug|x64.ActiveCfg = Debug|x64
		{97D3A436-E2FC-4456-8223-63AE7C880CEE}.Debug|x64.Build.0 = Debug|x64
		{97D3A436-E2FC-4456-8223-63AE7C880CEE}.Debug|x86.ActiveCfg = Debug|Win32
		{97D3A436-E2FC-4456-8223-63AE7C880CEE}.Debug|x86.Build.0 = Debug|Win32
		{97D3A436-E2FC-4456-8223-63AE7C880CEE}.Release|x64.ActiveCfg = Release|x64
		{97D3A436-E2FC-4456-8223-63AE7C880CEE}.Release|x64.Build.0 = Release|x64
		{97D3A436-E2FC-4456-8223-63AE7C880CEE}.Release|x86.ActiveCfg = Release|Win32
		{97D3A436-E2FC-4456-8223-63AE7C880CEE}.Release|x86.Build.0 = Release|Win32
		{0A2F6D9D-AB65-4099-9C7F-8EA9561EBD69}.Debug|x64.ActiveCfg = Debug|x64
		{0A2F6D9D-AB65-4099-9C7F-8EA9561EBD69}.Debug|x64.Build.0 = Debug|x64
		{0A2F6D9D-AB65-4099-9C7F-8EA9561EBD69}.Debug|x86.ActiveCfg = Debug|Win32
		{0A2F6D9D-AB65-4099-9C7F-8EA9561EBD69}.Debug|x86.Build.0 = Debug|Win32
		{0A2F6D9D-AB65-4099-9C7F-8EA9561EBD69}.Release|x64.ActiveCfg = Release|x64
		{0A2F6D9D-AB65-4099-9C7F-8EA9561EBD69}.Release|x64.Build.0 = Release|x64
		{0A2F6D9D-AB65-4099-9C7F-8EA9561EBD69}.Release|x86.ActiveCfg = Release|Win32
		{0A2F6D9D-AB65-4099-9C7F-8EA9561EBD69}.Release|x86.Build.0 = Release|Win32
	EndGlobalSection
	GlobalSection(SolutionProperties) = preSolution
		HideSolutionNode = FALSE
	EndGlobalSection
	GlobalSection(ExtensibilityGlobals) = postSolution
		SolutionGuid = {7F48D839-11DA-49A7-84F4-3FEDA175029D}
	EndGlobalSection
EndGlobal
